// !$*UTF8*$!
{
	archiveVersion = 1;
	classes = {
	};
	objectVersion = 46;
	objects = {

/* Begin PBXBuildFile section */
		2B88C13E1D97BC49005125D5 /* AppDelegate.swift in Sources */ = {isa = PBXBuildFile; fileRef = 2B88C13D1D97BC49005125D5 /* AppDelegate.swift */; };
		2B88C1401D97BC49005125D5 /* ViewController.swift in Sources */ = {isa = PBXBuildFile; fileRef = 2B88C13F1D97BC49005125D5 /* ViewController.swift */; };
		2B88C1431D97BC49005125D5 /* Main.storyboard in Resources */ = {isa = PBXBuildFile; fileRef = 2B88C1411D97BC49005125D5 /* Main.storyboard */; };
		2B88C1451D97BC49005125D5 /* Assets.xcassets in Resources */ = {isa = PBXBuildFile; fileRef = 2B88C1441D97BC49005125D5 /* Assets.xcassets */; };
		2B88C1481D97BC49005125D5 /* LaunchScreen.storyboard in Resources */ = {isa = PBXBuildFile; fileRef = 2B88C1461D97BC49005125D5 /* LaunchScreen.storyboard */; };
		2B88C1541D97BDE1005125D5 /* LoginViewController.swift in Sources */ = {isa = PBXBuildFile; fileRef = 2B88C1531D97BDE1005125D5 /* LoginViewController.swift */; };
		2B88C1561D97C4E6005125D5 /* HomeViewController.swift in Sources */ = {isa = PBXBuildFile; fileRef = 2B88C1551D97C4E6005125D5 /* HomeViewController.swift */; };
		2B88C1581D97C4F6005125D5 /* ImageSelectViewController.swift in Sources */ = {isa = PBXBuildFile; fileRef = 2B88C1571D97C4F6005125D5 /* ImageSelectViewController.swift */; };
		2B88C15A1D97C508005125D5 /* PostViewController.swift in Sources */ = {isa = PBXBuildFile; fileRef = 2B88C1591D97C508005125D5 /* PostViewController.swift */; };
		2B88C15C1D97C51A005125D5 /* SettingViewController.swift in Sources */ = {isa = PBXBuildFile; fileRef = 2B88C15B1D97C51A005125D5 /* SettingViewController.swift */; };
		2B88C1601D97DA04005125D5 /* Const.swift in Sources */ = {isa = PBXBuildFile; fileRef = 2B88C15F1D97DA04005125D5 /* Const.swift */; };
		604DBBE7CECB55681C993864 /* Pods_Instagram.framework in Frameworks */ = {isa = PBXBuildFile; fileRef = ED24880F1CCE3C6BE350C898 /* Pods_Instagram.framework */; };
		CD938F771D9814600033C386 /* GoogleService-Info.plist in Resources */ = {isa = PBXBuildFile; fileRef = CD938F761D9814600033C386 /* GoogleService-Info.plist */; };
		CD938F7A1D981FDC0033C386 /* AdobeCreativeSDKImage.framework in Frameworks */ = {isa = PBXBuildFile; fileRef = CD938F781D981FDC0033C386 /* AdobeCreativeSDKImage.framework */; };
		CD938F7B1D981FDC0033C386 /* AdobeCreativeSDKCore.framework in Frameworks */ = {isa = PBXBuildFile; fileRef = CD938F791D981FDC0033C386 /* AdobeCreativeSDKCore.framework */; };
		CD938F7D1D9820080033C386 /* AdobeCreativeSDKImageResources.bundle in Resources */ = {isa = PBXBuildFile; fileRef = CD938F7C1D9820080033C386 /* AdobeCreativeSDKImageResources.bundle */; };
		CD938F7F1D98206E0033C386 /* AdobeCreativeSDKCoreResources.bundle in Resources */ = {isa = PBXBuildFile; fileRef = CD938F7E1D98206E0033C386 /* AdobeCreativeSDKCoreResources.bundle */; };
		CD938F811D9820C30033C386 /* libc++.tbd in Frameworks */ = {isa = PBXBuildFile; fileRef = CD938F801D9820C30033C386 /* libc++.tbd */; };
		CD938F831D9820D80033C386 /* libz.tbd in Frameworks */ = {isa = PBXBuildFile; fileRef = CD938F821D9820D80033C386 /* libz.tbd */; };
		CD938F851D9820E30033C386 /* libz.1.2.5.tbd in Frameworks */ = {isa = PBXBuildFile; fileRef = CD938F841D9820E30033C386 /* libz.1.2.5.tbd */; };
		CD938F871D9820ED0033C386 /* libsqlite3.0.tbd in Frameworks */ = {isa = PBXBuildFile; fileRef = CD938F861D9820ED0033C386 /* libsqlite3.0.tbd */; };
		CD938F891D9820F60033C386 /* MobileCoreServices.framework in Frameworks */ = {isa = PBXBuildFile; fileRef = CD938F881D9820F60033C386 /* MobileCoreServices.framework */; };
		CD938F8B1D9820FF0033C386 /* SystemConfiguration.framework in Frameworks */ = {isa = PBXBuildFile; fileRef = CD938F8A1D9820FF0033C386 /* SystemConfiguration.framework */; };
		CD938F8D1D9821080033C386 /* Accelerate.framework in Frameworks */ = {isa = PBXBuildFile; fileRef = CD938F8C1D9821080033C386 /* Accelerate.framework */; };
		CD938F8F1D9821110033C386 /* CoreData.framework in Frameworks */ = {isa = PBXBuildFile; fileRef = CD938F8E1D9821110033C386 /* CoreData.framework */; };
		CD938F911D9821190033C386 /* MessageUI.framework in Frameworks */ = {isa = PBXBuildFile; fileRef = CD938F901D9821190033C386 /* MessageUI.framework */; };
		CD938F931D9821210033C386 /* OpenGLES.framework in Frameworks */ = {isa = PBXBuildFile; fileRef = CD938F921D9821210033C386 /* OpenGLES.framework */; };
		CD938F951D9821290033C386 /* QuartzCore.framework in Frameworks */ = {isa = PBXBuildFile; fileRef = CD938F941D9821290033C386 /* QuartzCore.framework */; };
		CD938F971D9821300033C386 /* StoreKit.framework in Frameworks */ = {isa = PBXBuildFile; fileRef = CD938F961D9821300033C386 /* StoreKit.framework */; };
		CD938F9A1D9AC7A50033C386 /* PostData.swift in Sources */ = {isa = PBXBuildFile; fileRef = CD938F991D9AC7A50033C386 /* PostData.swift */; };
		CD938F9D1D9ACA950033C386 /* PostTableViewCell.swift in Sources */ = {isa = PBXBuildFile; fileRef = CD938F9B1D9ACA950033C386 /* PostTableViewCell.swift */; };
		CD938F9E1D9ACA950033C386 /* PostTableViewCell.xib in Resources */ = {isa = PBXBuildFile; fileRef = CD938F9C1D9ACA950033C386 /* PostTableViewCell.xib */; };
		CDA0F6B91D9E731C008D1B72 /* AdobeCreativeSDKImage.framework in Frameworks */ = {isa = PBXBuildFile; fileRef = CD938F781D981FDC0033C386 /* AdobeCreativeSDKImage.framework */; };
		CDA0F6BA1D9E731C008D1B72 /* AdobeCreativeSDKImage.framework in Embed Frameworks */ = {isa = PBXBuildFile; fileRef = CD938F781D981FDC0033C386 /* AdobeCreativeSDKImage.framework */; settings = {ATTRIBUTES = (CodeSignOnCopy, RemoveHeadersOnCopy, ); }; };
		CDA0F6BC1D9E732E008D1B72 /* AdobeCreativeSDKCore.framework in Frameworks */ = {isa = PBXBuildFile; fileRef = CD938F791D981FDC0033C386 /* AdobeCreativeSDKCore.framework */; };
		CDA0F6BD1D9E732E008D1B72 /* AdobeCreativeSDKCore.framework in Embed Frameworks */ = {isa = PBXBuildFile; fileRef = CD938F791D981FDC0033C386 /* AdobeCreativeSDKCore.framework */; settings = {ATTRIBUTES = (CodeSignOnCopy, RemoveHeadersOnCopy, ); }; };
/* End PBXBuildFile section */

/* Begin PBXCopyFilesBuildPhase section */
		CDA0F6BB1D9E731C008D1B72 /* Embed Frameworks */ = {
			isa = PBXCopyFilesBuildPhase;
			buildActionMask = 2147483647;
			dstPath = "";
			dstSubfolderSpec = 10;
			files = (
				CDA0F6BA1D9E731C008D1B72 /* AdobeCreativeSDKImage.framework in Embed Frameworks */,
				CDA0F6BD1D9E732E008D1B72 /* AdobeCreativeSDKCore.framework in Embed Frameworks */,
			);
			name = "Embed Frameworks";
			runOnlyForDeploymentPostprocessing = 0;
		};
/* End PBXCopyFilesBuildPhase section */

/* Begin PBXFileReference section */
		2B88C13A1D97BC49005125D5 /* Instagram.app */ = {isa = PBXFileReference; explicitFileType = wrapper.application; includeInIndex = 0; path = Instagram.app; sourceTree = BUILT_PRODUCTS_DIR; };
		2B88C13D1D97BC49005125D5 /* AppDelegate.swift */ = {isa = PBXFileReference; lastKnownFileType = sourcecode.swift; path = AppDelegate.swift; sourceTree = "<group>"; };
		2B88C13F1D97BC49005125D5 /* ViewController.swift */ = {isa = PBXFileReference; lastKnownFileType = sourcecode.swift; path = ViewController.swift; sourceTree = "<group>"; };
		2B88C1421D97BC49005125D5 /* Base */ = {isa = PBXFileReference; lastKnownFileType = file.storyboard; name = Base; path = Base.lproj/Main.storyboard; sourceTree = "<group>"; };
		2B88C1441D97BC49005125D5 /* Assets.xcassets */ = {isa = PBXFileReference; lastKnownFileType = folder.assetcatalog; path = Assets.xcassets; sourceTree = "<group>"; };
		2B88C1471D97BC49005125D5 /* Base */ = {isa = PBXFileReference; lastKnownFileType = file.storyboard; name = Base; path = Base.lproj/LaunchScreen.storyboard; sourceTree = "<group>"; };
		2B88C1491D97BC49005125D5 /* Info.plist */ = {isa = PBXFileReference; lastKnownFileType = text.plist.xml; path = Info.plist; sourceTree = "<group>"; };
		2B88C1531D97BDE1005125D5 /* LoginViewController.swift */ = {isa = PBXFileReference; fileEncoding = 4; lastKnownFileType = sourcecode.swift; path = LoginViewController.swift; sourceTree = "<group>"; };
		2B88C1551D97C4E6005125D5 /* HomeViewController.swift */ = {isa = PBXFileReference; fileEncoding = 4; lastKnownFileType = sourcecode.swift; path = HomeViewController.swift; sourceTree = "<group>"; };
		2B88C1571D97C4F6005125D5 /* ImageSelectViewController.swift */ = {isa = PBXFileReference; fileEncoding = 4; lastKnownFileType = sourcecode.swift; path = ImageSelectViewController.swift; sourceTree = "<group>"; };
		2B88C1591D97C508005125D5 /* PostViewController.swift */ = {isa = PBXFileReference; fileEncoding = 4; lastKnownFileType = sourcecode.swift; path = PostViewController.swift; sourceTree = "<group>"; };
		2B88C15B1D97C51A005125D5 /* SettingViewController.swift */ = {isa = PBXFileReference; fileEncoding = 4; lastKnownFileType = sourcecode.swift; path = SettingViewController.swift; sourceTree = "<group>"; };
		2B88C15F1D97DA04005125D5 /* Const.swift */ = {isa = PBXFileReference; fileEncoding = 4; lastKnownFileType = sourcecode.swift; path = Const.swift; sourceTree = "<group>"; };
		695CED556D9B87DFF769D8C5 /* Pods-Instagram.release.xcconfig */ = {isa = PBXFileReference; includeInIndex = 1; lastKnownFileType = text.xcconfig; name = "Pods-Instagram.release.xcconfig"; path = "Pods/Target Support Files/Pods-Instagram/Pods-Instagram.release.xcconfig"; sourceTree = "<group>"; };
		CAF2343641637DB92ABE2475 /* Pods-Instagram.debug.xcconfig */ = {isa = PBXFileReference; includeInIndex = 1; lastKnownFileType = text.xcconfig; name = "Pods-Instagram.debug.xcconfig"; path = "Pods/Target Support Files/Pods-Instagram/Pods-Instagram.debug.xcconfig"; sourceTree = "<group>"; };
		CD938F761D9814600033C386 /* GoogleService-Info.plist */ = {isa = PBXFileReference; fileEncoding = 4; lastKnownFileType = text.plist.xml; path = "GoogleService-Info.plist"; sourceTree = "<group>"; };
		CD938F781D981FDC0033C386 /* AdobeCreativeSDKImage.framework */ = {isa = PBXFileReference; lastKnownFileType = wrapper.framework; path = AdobeCreativeSDKImage.framework; sourceTree = "<group>"; };
		CD938F791D981FDC0033C386 /* AdobeCreativeSDKCore.framework */ = {isa = PBXFileReference; lastKnownFileType = wrapper.framework; path = AdobeCreativeSDKCore.framework; sourceTree = "<group>"; };
		CD938F7C1D9820080033C386 /* AdobeCreativeSDKImageResources.bundle */ = {isa = PBXFileReference; lastKnownFileType = "wrapper.plug-in"; path = AdobeCreativeSDKImageResources.bundle; sourceTree = "<group>"; };
		CD938F7E1D98206E0033C386 /* AdobeCreativeSDKCoreResources.bundle */ = {isa = PBXFileReference; lastKnownFileType = "wrapper.plug-in"; path = AdobeCreativeSDKCoreResources.bundle; sourceTree = "<group>"; };
		CD938F801D9820C30033C386 /* libc++.tbd */ = {isa = PBXFileReference; lastKnownFileType = "sourcecode.text-based-dylib-definition"; name = "libc++.tbd"; path = "usr/lib/libc++.tbd"; sourceTree = SDKROOT; };
		CD938F821D9820D80033C386 /* libz.tbd */ = {isa = PBXFileReference; lastKnownFileType = "sourcecode.text-based-dylib-definition"; name = libz.tbd; path = usr/lib/libz.tbd; sourceTree = SDKROOT; };
		CD938F841D9820E30033C386 /* libz.1.2.5.tbd */ = {isa = PBXFileReference; lastKnownFileType = "sourcecode.text-based-dylib-definition"; name = libz.1.2.5.tbd; path = usr/lib/libz.1.2.5.tbd; sourceTree = SDKROOT; };
		CD938F861D9820ED0033C386 /* libsqlite3.0.tbd */ = {isa = PBXFileReference; lastKnownFileType = "sourcecode.text-based-dylib-definition"; name = libsqlite3.0.tbd; path = usr/lib/libsqlite3.0.tbd; sourceTree = SDKROOT; };
		CD938F881D9820F60033C386 /* MobileCoreServices.framework */ = {isa = PBXFileReference; lastKnownFileType = wrapper.framework; name = MobileCoreServices.framework; path = System/Library/Frameworks/MobileCoreServices.framework; sourceTree = SDKROOT; };
		CD938F8A1D9820FF0033C386 /* SystemConfiguration.framework */ = {isa = PBXFileReference; lastKnownFileType = wrapper.framework; name = SystemConfiguration.framework; path = System/Library/Frameworks/SystemConfiguration.framework; sourceTree = SDKROOT; };
		CD938F8C1D9821080033C386 /* Accelerate.framework */ = {isa = PBXFileReference; lastKnownFileType = wrapper.framework; name = Accelerate.framework; path = System/Library/Frameworks/Accelerate.framework; sourceTree = SDKROOT; };
		CD938F8E1D9821110033C386 /* CoreData.framework */ = {isa = PBXFileReference; lastKnownFileType = wrapper.framework; name = CoreData.framework; path = System/Library/Frameworks/CoreData.framework; sourceTree = SDKROOT; };
		CD938F901D9821190033C386 /* MessageUI.framework */ = {isa = PBXFileReference; lastKnownFileType = wrapper.framework; name = MessageUI.framework; path = System/Library/Frameworks/MessageUI.framework; sourceTree = SDKROOT; };
		CD938F921D9821210033C386 /* OpenGLES.framework */ = {isa = PBXFileReference; lastKnownFileType = wrapper.framework; name = OpenGLES.framework; path = System/Library/Frameworks/OpenGLES.framework; sourceTree = SDKROOT; };
		CD938F941D9821290033C386 /* QuartzCore.framework */ = {isa = PBXFileReference; lastKnownFileType = wrapper.framework; name = QuartzCore.framework; path = System/Library/Frameworks/QuartzCore.framework; sourceTree = SDKROOT; };
		CD938F961D9821300033C386 /* StoreKit.framework */ = {isa = PBXFileReference; lastKnownFileType = wrapper.framework; name = StoreKit.framework; path = System/Library/Frameworks/StoreKit.framework; sourceTree = SDKROOT; };
		CD938F981D98222D0033C386 /* Instagram-Bridging-Header.h */ = {isa = PBXFileReference; lastKnownFileType = sourcecode.c.h; path = "Instagram-Bridging-Header.h"; sourceTree = "<group>"; };
		CD938F991D9AC7A50033C386 /* PostData.swift */ = {isa = PBXFileReference; fileEncoding = 4; lastKnownFileType = sourcecode.swift; path = PostData.swift; sourceTree = "<group>"; };
		CD938F9B1D9ACA950033C386 /* PostTableViewCell.swift */ = {isa = PBXFileReference; fileEncoding = 4; lastKnownFileType = sourcecode.swift; path = PostTableViewCell.swift; sourceTree = "<group>"; };
		CD938F9C1D9ACA950033C386 /* PostTableViewCell.xib */ = {isa = PBXFileReference; fileEncoding = 4; lastKnownFileType = file.xib; path = PostTableViewCell.xib; sourceTree = "<group>"; };
		ED24880F1CCE3C6BE350C898 /* Pods_Instagram.framework */ = {isa = PBXFileReference; explicitFileType = wrapper.framework; includeInIndex = 0; path = Pods_Instagram.framework; sourceTree = BUILT_PRODUCTS_DIR; };
/* End PBXFileReference section */

/* Begin PBXFrameworksBuildPhase section */
		2B88C1371D97BC49005125D5 /* Frameworks */ = {
			isa = PBXFrameworksBuildPhase;
			buildActionMask = 2147483647;
			files = (
				CD938F971D9821300033C386 /* StoreKit.framework in Frameworks */,
				CD938F951D9821290033C386 /* QuartzCore.framework in Frameworks */,
				CD938F931D9821210033C386 /* OpenGLES.framework in Frameworks */,
				CD938F911D9821190033C386 /* MessageUI.framework in Frameworks */,
				CD938F8F1D9821110033C386 /* CoreData.framework in Frameworks */,
				CD938F8D1D9821080033C386 /* Accelerate.framework in Frameworks */,
				CD938F8B1D9820FF0033C386 /* SystemConfiguration.framework in Frameworks */,
				CD938F891D9820F60033C386 /* MobileCoreServices.framework in Frameworks */,
				CD938F871D9820ED0033C386 /* libsqlite3.0.tbd in Frameworks */,
				CD938F851D9820E30033C386 /* libz.1.2.5.tbd in Frameworks */,
				CD938F831D9820D80033C386 /* libz.tbd in Frameworks */,
				CD938F811D9820C30033C386 /* libc++.tbd in Frameworks */,
				CD938F7B1D981FDC0033C386 /* AdobeCreativeSDKCore.framework in Frameworks */,
				CD938F7A1D981FDC0033C386 /* AdobeCreativeSDKImage.framework in Frameworks */,
				CDA0F6B91D9E731C008D1B72 /* AdobeCreativeSDKImage.framework in Frameworks */,
				604DBBE7CECB55681C993864 /* Pods_Instagram.framework in Frameworks */,
				CDA0F6BC1D9E732E008D1B72 /* AdobeCreativeSDKCore.framework in Frameworks */,
			);
			runOnlyForDeploymentPostprocessing = 0;
		};
/* End PBXFrameworksBuildPhase section */

/* Begin PBXGroup section */
		197CB6887FD65AF8D123273F /* Frameworks */ = {
			isa = PBXGroup;
			children = (
				CD938F961D9821300033C386 /* StoreKit.framework */,
				CD938F941D9821290033C386 /* QuartzCore.framework */,
				CD938F921D9821210033C386 /* OpenGLES.framework */,
				CD938F901D9821190033C386 /* MessageUI.framework */,
				CD938F8E1D9821110033C386 /* CoreData.framework */,
				CD938F8C1D9821080033C386 /* Accelerate.framework */,
				CD938F8A1D9820FF0033C386 /* SystemConfiguration.framework */,
				CD938F881D9820F60033C386 /* MobileCoreServices.framework */,
				CD938F861D9820ED0033C386 /* libsqlite3.0.tbd */,
				CD938F841D9820E30033C386 /* libz.1.2.5.tbd */,
				CD938F821D9820D80033C386 /* libz.tbd */,
				CD938F801D9820C30033C386 /* libc++.tbd */,
				ED24880F1CCE3C6BE350C898 /* Pods_Instagram.framework */,
			);
			name = Frameworks;
			sourceTree = "<group>";
		};
		2B88C1311D97BC49005125D5 = {
			isa = PBXGroup;
			children = (
				2B88C13C1D97BC49005125D5 /* Instagram */,
				2B88C13B1D97BC49005125D5 /* Products */,
				C59BD81E4300ED252695E7A1 /* Pods */,
				197CB6887FD65AF8D123273F /* Frameworks */,
			);
			sourceTree = "<group>";
		};
		2B88C13B1D97BC49005125D5 /* Products */ = {
			isa = PBXGroup;
			children = (
				2B88C13A1D97BC49005125D5 /* Instagram.app */,
			);
			name = Products;
			sourceTree = "<group>";
		};
		2B88C13C1D97BC49005125D5 /* Instagram */ = {
			isa = PBXGroup;
			children = (
				2B88C13D1D97BC49005125D5 /* AppDelegate.swift */,
				2B88C13F1D97BC49005125D5 /* ViewController.swift */,
				2B88C1411D97BC49005125D5 /* Main.storyboard */,
				2B88C1441D97BC49005125D5 /* Assets.xcassets */,
				CD938F781D981FDC0033C386 /* AdobeCreativeSDKImage.framework */,
				CD938F791D981FDC0033C386 /* AdobeCreativeSDKCore.framework */,
				2B88C1461D97BC49005125D5 /* LaunchScreen.storyboard */,
				CD938F7C1D9820080033C386 /* AdobeCreativeSDKImageResources.bundle */,
				2B88C1491D97BC49005125D5 /* Info.plist */,
				CD938F761D9814600033C386 /* GoogleService-Info.plist */,
				CD938F7E1D98206E0033C386 /* AdobeCreativeSDKCoreResources.bundle */,
				2B88C1531D97BDE1005125D5 /* LoginViewController.swift */,
				2B88C1551D97C4E6005125D5 /* HomeViewController.swift */,
				2B88C1571D97C4F6005125D5 /* ImageSelectViewController.swift */,
				2B88C1591D97C508005125D5 /* PostViewController.swift */,
				2B88C15B1D97C51A005125D5 /* SettingViewController.swift */,
				2B88C15F1D97DA04005125D5 /* Const.swift */,
				CD938F981D98222D0033C386 /* Instagram-Bridging-Header.h */,
				CD938F991D9AC7A50033C386 /* PostData.swift */,
				CD938F9B1D9ACA950033C386 /* PostTableViewCell.swift */,
				CD938F9C1D9ACA950033C386 /* PostTableViewCell.xib */,
			);
			path = Instagram;
			sourceTree = "<group>";
		};
		C59BD81E4300ED252695E7A1 /* Pods */ = {
			isa = PBXGroup;
			children = (
				CAF2343641637DB92ABE2475 /* Pods-Instagram.debug.xcconfig */,
				695CED556D9B87DFF769D8C5 /* Pods-Instagram.release.xcconfig */,
			);
			name = Pods;
			sourceTree = "<group>";
		};
/* End PBXGroup section */

/* Begin PBXNativeTarget section */
		2B88C1391D97BC49005125D5 /* Instagram */ = {
			isa = PBXNativeTarget;
			buildConfigurationList = 2B88C14C1D97BC49005125D5 /* Build configuration list for PBXNativeTarget "Instagram" */;
			buildPhases = (
				FAAB7E17C75599A33ADD344F /* [CP] Check Pods Manifest.lock */,
				2B88C1361D97BC49005125D5 /* Sources */,
				2B88C1371D97BC49005125D5 /* Frameworks */,
				2B88C1381D97BC49005125D5 /* Resources */,
				AF0677DB665B9000EC91F488 /* [CP] Embed Pods Frameworks */,
				F2B6E4E6C3DC846E948FB9F7 /* [CP] Copy Pods Resources */,
				CDA0F6BB1D9E731C008D1B72 /* Embed Frameworks */,
			);
			buildRules = (
			);
			dependencies = (
			);
			name = Instagram;
			productName = Instagram;
			productReference = 2B88C13A1D97BC49005125D5 /* Instagram.app */;
			productType = "com.apple.product-type.application";
		};
/* End PBXNativeTarget section */

/* Begin PBXProject section */
		2B88C1321D97BC49005125D5 /* Project object */ = {
			isa = PBXProject;
			attributes = {
				LastSwiftUpdateCheck = 0730;
				LastUpgradeCheck = 0730;
				ORGANIZATIONNAME = TakayoshiYokoyama;
				TargetAttributes = {
					2B88C1391D97BC49005125D5 = {
						CreatedOnToolsVersion = 7.3.1;
					};
				};
			};
			buildConfigurationList = 2B88C1351D97BC49005125D5 /* Build configuration list for PBXProject "Instagram" */;
			compatibilityVersion = "Xcode 3.2";
			developmentRegion = English;
			hasScannedForEncodings = 0;
			knownRegions = (
				en,
				Base,
			);
			mainGroup = 2B88C1311D97BC49005125D5;
			productRefGroup = 2B88C13B1D97BC49005125D5 /* Products */;
			projectDirPath = "";
			projectRoot = "";
			targets = (
				2B88C1391D97BC49005125D5 /* Instagram */,
			);
		};
/* End PBXProject section */

/* Begin PBXResourcesBuildPhase section */
		2B88C1381D97BC49005125D5 /* Resources */ = {
			isa = PBXResourcesBuildPhase;
			buildActionMask = 2147483647;
			files = (
				CD938F7F1D98206E0033C386 /* AdobeCreativeSDKCoreResources.bundle in Resources */,
				2B88C1481D97BC49005125D5 /* LaunchScreen.storyboard in Resources */,
				CD938F771D9814600033C386 /* GoogleService-Info.plist in Resources */,
				2B88C1451D97BC49005125D5 /* Assets.xcassets in Resources */,
				CD938F9E1D9ACA950033C386 /* PostTableViewCell.xib in Resources */,
				CD938F7D1D9820080033C386 /* AdobeCreativeSDKImageResources.bundle in Resources */,
				2B88C1431D97BC49005125D5 /* Main.storyboard in Resources */,
			);
			runOnlyForDeploymentPostprocessing = 0;
		};
/* End PBXResourcesBuildPhase section */

/* Begin PBXShellScriptBuildPhase section */
		AF0677DB665B9000EC91F488 /* [CP] Embed Pods Frameworks */ = {
			isa = PBXShellScriptBuildPhase;
			buildActionMask = 2147483647;
			files = (
			);
			inputPaths = (
			);
			name = "[CP] Embed Pods Frameworks";
			outputPaths = (
			);
			runOnlyForDeploymentPostprocessing = 0;
			shellPath = /bin/sh;
			shellScript = "\"${SRCROOT}/Pods/Target Support Files/Pods-Instagram/Pods-Instagram-frameworks.sh\"\n";
			showEnvVarsInLog = 0;
		};
		F2B6E4E6C3DC846E948FB9F7 /* [CP] Copy Pods Resources */ = {
			isa = PBXShellScriptBuildPhase;
			buildActionMask = 2147483647;
			files = (
			);
			inputPaths = (
			);
			name = "[CP] Copy Pods Resources";
			outputPaths = (
			);
			runOnlyForDeploymentPostprocessing = 0;
			shellPath = /bin/sh;
			shellScript = "\"${SRCROOT}/Pods/Target Support Files/Pods-Instagram/Pods-Instagram-resources.sh\"\n";
			showEnvVarsInLog = 0;
		};
		FAAB7E17C75599A33ADD344F /* [CP] Check Pods Manifest.lock */ = {
			isa = PBXShellScriptBuildPhase;
			buildActionMask = 2147483647;
			files = (
			);
			inputPaths = (
			);
			name = "[CP] Check Pods Manifest.lock";
			outputPaths = (
			);
			runOnlyForDeploymentPostprocessing = 0;
			shellPath = /bin/sh;
			shellScript = "diff \"${PODS_ROOT}/../Podfile.lock\" \"${PODS_ROOT}/Manifest.lock\" > /dev/null\nif [[ $? != 0 ]] ; then\n    cat << EOM\nerror: The sandbox is not in sync with the Podfile.lock. Run 'pod install' or update your CocoaPods installation.\nEOM\n    exit 1\nfi\n";
			showEnvVarsInLog = 0;
		};
/* End PBXShellScriptBuildPhase section */

/* Begin PBXSourcesBuildPhase section */
		2B88C1361D97BC49005125D5 /* Sources */ = {
			isa = PBXSourcesBuildPhase;
			buildActionMask = 2147483647;
			files = (
				2B88C15A1D97C508005125D5 /* PostViewController.swift in Sources */,
				CD938F9A1D9AC7A50033C386 /* PostData.swift in Sources */,
				2B88C1541D97BDE1005125D5 /* LoginViewController.swift in Sources */,
				2B88C1401D97BC49005125D5 /* ViewController.swift in Sources */,
				2B88C13E1D97BC49005125D5 /* AppDelegate.swift in Sources */,
				2B88C1581D97C4F6005125D5 /* ImageSelectViewController.swift in Sources */,
				2B88C1601D97DA04005125D5 /* Const.swift in Sources */,
				CD938F9D1D9ACA950033C386 /* PostTableViewCell.swift in Sources */,
				2B88C15C1D97C51A005125D5 /* SettingViewController.swift in Sources */,
				2B88C1561D97C4E6005125D5 /* HomeViewController.swift in Sources */,
			);
			runOnlyForDeploymentPostprocessing = 0;
		};
/* End PBXSourcesBuildPhase section */

/* Begin PBXVariantGroup section */
		2B88C1411D97BC49005125D5 /* Main.storyboard */ = {
			isa = PBXVariantGroup;
			children = (
				2B88C1421D97BC49005125D5 /* Base */,
			);
			name = Main.storyboard;
			sourceTree = "<group>";
		};
		2B88C1461D97BC49005125D5 /* LaunchScreen.storyboard */ = {
			isa = PBXVariantGroup;
			children = (
				2B88C1471D97BC49005125D5 /* Base */,
			);
			name = LaunchScreen.storyboard;
			sourceTree = "<group>";
		};
/* End PBXVariantGroup section */

/* Begin XCBuildConfiguration section */
		2B88C14A1D97BC49005125D5 /* Debug */ = {
			isa = XCBuildConfiguration;
			buildSettings = {
				ALWAYS_SEARCH_USER_PATHS = NO;
				CLANG_ANALYZER_NONNULL = YES;
				CLANG_CXX_LANGUAGE_STANDARD = "gnu++0x";
				CLANG_CXX_LIBRARY = "libc++";
				CLANG_ENABLE_MODULES = YES;
				CLANG_ENABLE_OBJC_ARC = YES;
				CLANG_WARN_BOOL_CONVERSION = YES;
				CLANG_WARN_CONSTANT_CONVERSION = YES;
				CLANG_WARN_DIRECT_OBJC_ISA_USAGE = YES_ERROR;
				CLANG_WARN_EMPTY_BODY = YES;
				CLANG_WARN_ENUM_CONVERSION = YES;
				CLANG_WARN_INT_CONVERSION = YES;
				CLANG_WARN_OBJC_ROOT_CLASS = YES_ERROR;
				CLANG_WARN_UNREACHABLE_CODE = YES;
				CLANG_WARN__DUPLICATE_METHOD_MATCH = YES;
				"CODE_SIGN_IDENTITY[sdk=iphoneos*]" = "iPhone Developer";
				COPY_PHASE_STRIP = NO;
				DEBUG_INFORMATION_FORMAT = dwarf;
				ENABLE_STRICT_OBJC_MSGSEND = YES;
				ENABLE_TESTABILITY = YES;
				GCC_C_LANGUAGE_STANDARD = gnu99;
				GCC_DYNAMIC_NO_PIC = NO;
				GCC_NO_COMMON_BLOCKS = YES;
				GCC_OPTIMIZATION_LEVEL = 0;
				GCC_PREPROCESSOR_DEFINITIONS = (
					"DEBUG=1",
					"$(inherited)",
				);
				GCC_WARN_64_TO_32_BIT_CONVERSION = YES;
				GCC_WARN_ABOUT_RETURN_TYPE = YES_ERROR;
				GCC_WARN_UNDECLARED_SELECTOR = YES;
				GCC_WARN_UNINITIALIZED_AUTOS = YES_AGGRESSIVE;
				GCC_WARN_UNUSED_FUNCTION = YES;
				GCC_WARN_UNUSED_VARIABLE = YES;
				IPHONEOS_DEPLOYMENT_TARGET = 9.3;
				MTL_ENABLE_DEBUG_INFO = YES;
				ONLY_ACTIVE_ARCH = YES;
				SDKROOT = iphoneos;
				SWIFT_OPTIMIZATION_LEVEL = "-Onone";
			};
			name = Debug;
		};
		2B88C14B1D97BC49005125D5 /* Release */ = {
			isa = XCBuildConfiguration;
			buildSettings = {
				ALWAYS_SEARCH_USER_PATHS = NO;
				CLANG_ANALYZER_NONNULL = YES;
				CLANG_CXX_LANGUAGE_STANDARD = "gnu++0x";
				CLANG_CXX_LIBRARY = "libc++";
				CLANG_ENABLE_MODULES = YES;
				CLANG_ENABLE_OBJC_ARC = YES;
				CLANG_WARN_BOOL_CONVERSION = YES;
				CLANG_WARN_CONSTANT_CONVERSION = YES;
				CLANG_WARN_DIRECT_OBJC_ISA_USAGE = YES_ERROR;
				CLANG_WARN_EMPTY_BODY = YES;
				CLANG_WARN_ENUM_CONVERSION = YES;
				CLANG_WARN_INT_CONVERSION = YES;
				CLANG_WARN_OBJC_ROOT_CLASS = YES_ERROR;
				CLANG_WARN_UNREACHABLE_CODE = YES;
				CLANG_WARN__DUPLICATE_METHOD_MATCH = YES;
				"CODE_SIGN_IDENTITY[sdk=iphoneos*]" = "iPhone Developer";
				COPY_PHASE_STRIP = NO;
				DEBUG_INFORMATION_FORMAT = "dwarf-with-dsym";
				ENABLE_NS_ASSERTIONS = NO;
				ENABLE_STRICT_OBJC_MSGSEND = YES;
				GCC_C_LANGUAGE_STANDARD = gnu99;
				GCC_NO_COMMON_BLOCKS = YES;
				GCC_WARN_64_TO_32_BIT_CONVERSION = YES;
				GCC_WARN_ABOUT_RETURN_TYPE = YES_ERROR;
				GCC_WARN_UNDECLARED_SELECTOR = YES;
				GCC_WARN_UNINITIALIZED_AUTOS = YES_AGGRESSIVE;
				GCC_WARN_UNUSED_FUNCTION = YES;
				GCC_WARN_UNUSED_VARIABLE = YES;
				IPHONEOS_DEPLOYMENT_TARGET = 9.3;
				MTL_ENABLE_DEBUG_INFO = NO;
				SDKROOT = iphoneos;
				VALIDATE_PRODUCT = YES;
			};
			name = Release;
		};
		2B88C14D1D97BC49005125D5 /* Debug */ = {
			isa = XCBuildConfiguration;
			baseConfigurationReference = CAF2343641637DB92ABE2475 /* Pods-Instagram.debug.xcconfig */;
			buildSettings = {
				ASSETCATALOG_COMPILER_APPICON_NAME = AppIcon;
				FRAMEWORK_SEARCH_PATHS = (
					"$(inherited)",
					"$(PROJECT_DIR)/Instagram",
				);
				INFOPLIST_FILE = Instagram/Info.plist;
				LD_RUNPATH_SEARCH_PATHS = "$(inherited) @executable_path/Frameworks";
				OTHER_LDFLAGS = (
					"$(inherited)",
					"-ObjC",
					"-l\"c++\"",
					"-l\"icucore\"",
					"-l\"sqlite3\"",
					"-l\"z\"",
					"-framework",
					"\"AdSupport\"",
					"-framework",
					"\"AddressBook\"",
					"-framework",
					"\"CFNetwork\"",
					"-framework",
					"\"CoreGraphics\"",
					"-framework",
					"\"ESTabBarController\"",
					"-framework",
					"\"FirebaseAnalytics\"",
					"-framework",
					"\"FirebaseAuth\"",
					"-framework",
					"\"FirebaseDatabase\"",
					"-framework",
					"\"FirebaseInstanceID\"",
					"-framework",
					"\"GoogleInterchangeUtilities\"",
					"-framework",
					"\"GoogleNetworkingUtilities\"",
					"-framework",
					"\"GoogleParsingUtilities\"",
					"-framework",
					"\"GoogleSymbolUtilities\"",
					"-framework",
					"\"GoogleUtilities\"",
					"-framework",
					"\"SVProgressHUD\"",
					"-framework",
					"\"SafariServices\"",
					"-framework",
					"\"Security\"",
					"-framework",
					"\"StoreKit\"",
					"-framework",
					"\"SystemConfiguration\"",
					"-all_load",
				);
				PRODUCT_BUNDLE_IDENTIFIER = jp.techacademy.takayoshi.yokoyama.Instagram;
				PRODUCT_NAME = "$(TARGET_NAME)";
				SWIFT_OBJC_BRIDGING_HEADER = "Instagram/Instagram-Bridging-Header.h";
			};
			name = Debug;
		};
		2B88C14E1D97BC49005125D5 /* Release */ = {
			isa = XCBuildConfiguration;
			baseConfigurationReference = 695CED556D9B87DFF769D8C5 /* Pods-Instagram.release.xcconfig */;
			buildSettings = {
				ASSETCATALOG_COMPILER_APPICON_NAME = AppIcon;
				FRAMEWORK_SEARCH_PATHS = (
					"$(inherited)",
					"$(PROJECT_DIR)/Instagram",
				);
				INFOPLIST_FILE = Instagram/Info.plist;
				LD_RUNPATH_SEARCH_PATHS = "$(inherited) @executable_path/Frameworks";
				OTHER_LDFLAGS = (
					"$(inherited)",
					"-ObjC",
					"-l\"c++\"",
					"-l\"icucore\"",
					"-l\"sqlite3\"",
					"-l\"z\"",
					"-framework",
					"\"AdSupport\"",
					"-framework",
					"\"AddressBook\"",
					"-framework",
					"\"CFNetwork\"",
					"-framework",
					"\"CoreGraphics\"",
					"-framework",
					"\"ESTabBarController\"",
					"-framework",
					"\"FirebaseAnalytics\"",
					"-framework",
					"\"FirebaseAuth\"",
					"-framework",
					"\"FirebaseDatabase\"",
					"-framework",
					"\"FirebaseInstanceID\"",
					"-framework",
					"\"GoogleInterchangeUtilities\"",
					"-framework",
					"\"GoogleNetworkingUtilities\"",
					"-framework",
					"\"GoogleParsingUtilities\"",
					"-framework",
					"\"GoogleSymbolUtilities\"",
					"-framework",
					"\"GoogleUtilities\"",
					"-framework",
					"\"SVProgressHUD\"",
					"-framework",
					"\"SafariServices\"",
					"-framework",
					"\"Security\"",
					"-framework",
					"\"StoreKit\"",
					"-framework",
					"\"SystemConfiguration\"",
					"-all_load",
				);
				PRODUCT_BUNDLE_IDENTIFIER = jp.techacademy.takayoshi.yokoyama.Instagram;
				PRODUCT_NAME = "$(TARGET_NAME)";
				SWIFT_OBJC_BRIDGING_HEADER = "Instagram/Instagram-Bridging-Header.h";
			};
			name = Release;
		};
/* End XCBuildConfiguration section */

/* Begin XCConfigurationList section */
		2B88C1351D97BC49005125D5 /* Build configuration list for PBXProject "Instagram" */ = {
			isa = XCConfigurationList;
			buildConfigurations = (
				2B88C14A1D97BC49005125D5 /* Debug */,
				2B88C14B1D97BC49005125D5 /* Release */,
			);
			defaultConfigurationIsVisible = 0;
			defaultConfigurationName = Release;
		};
		2B88C14C1D97BC49005125D5 /* Build configuration list for PBXNativeTarget "Instagram" */ = {
			isa = XCConfigurationList;
			buildConfigurations = (
				2B88C14D1D97BC49005125D5 /* Debug */,
				2B88C14E1D97BC49005125D5 /* Release */,
			);
			defaultConfigurationIsVisible = 0;
			defaultConfigurationName = Release;
		};
/* End XCConfigurationList section */
	};
	rootObject = 2B88C1321D97BC49005125D5 /* Project object */;
}
